
Microsoft Visual Studio Solution File, Format Version 12.00
# Visual Studio Version 17
VisualStudioVersion = 17.12.35527.113
MinimumVisualStudioVersion = 10.0.40219.1
Project("{2150E333-8FDC-42A3-9474-1A3956D46DE8}") = "Services", "Services", "{91D22F11-10FE-47D6-9AAC-344FEC549026}"
EndProject
Project("{2150E333-8FDC-42A3-9474-1A3956D46DE8}") = "Catalog", "Catalog", "{7FD32B1A-6779-4F58-B7FE-474C78D7743A}"
EndProject
Project("{FAE04EC0-301F-11D3-BF4B-00C04F79EFBC}") = "MultiShop.Catalog", "Services\Catalog\MultiShop.Catalog\MultiShop.Catalog.csproj", "{4238376D-5B27-4040-B78B-E1BFBE23CD80}"
EndProject
Project("{2150E333-8FDC-42A3-9474-1A3956D46DE8}") = "Discount", "Discount", "{527176D1-6CC4-4519-BC06-EF6F4721F15F}"
EndProject
Project("{FAE04EC0-301F-11D3-BF4B-00C04F79EFBC}") = "MultiShop.Discount", "Services\Discount\MultiShop.Discount\MultiShop.Discount.csproj", "{5F15AD46-C6D5-4E74-9A45-45429C19D5C9}"
EndProject
Global
	GlobalSection(SolutionConfigurationPlatforms) = preSolution
		Debug|Any CPU = Debug|Any CPU
		Release|Any CPU = Release|Any CPU
	EndGlobalSection
	GlobalSection(ProjectConfigurationPlatforms) = postSolution
		{4238376D-5B27-4040-B78B-E1BFBE23CD80}.Debug|Any CPU.ActiveCfg = Debug|Any CPU
		{4238376D-5B27-4040-B78B-E1BFBE23CD80}.Debug|Any CPU.Build.0 = Debug|Any CPU
		{4238376D-5B27-4040-B78B-E1BFBE23CD80}.Release|Any CPU.ActiveCfg = Release|Any CPU
		{4238376D-5B27-4040-B78B-E1BFBE23CD80}.Release|Any CPU.Build.0 = Release|Any CPU
		{5F15AD46-C6D5-4E74-9A45-45429C19D5C9}.Debug|Any CPU.ActiveCfg = Debug|Any CPU
		{5F15AD46-C6D5-4E74-9A45-45429C19D5C9}.Debug|Any CPU.Build.0 = Debug|Any CPU
		{5F15AD46-C6D5-4E74-9A45-45429C19D5C9}.Release|Any CPU.ActiveCfg = Release|Any CPU
		{5F15AD46-C6D5-4E74-9A45-45429C19D5C9}.Release|Any CPU.Build.0 = Release|Any CPU
	EndGlobalSection
	GlobalSection(SolutionProperties) = preSolution
		HideSolutionNode = FALSE
	EndGlobalSection
	GlobalSection(NestedProjects) = preSolution
		{7FD32B1A-6779-4F58-B7FE-474C78D7743A} = {91D22F11-10FE-47D6-9AAC-344FEC549026}
		{4238376D-5B27-4040-B78B-E1BFBE23CD80} = {7FD32B1A-6779-4F58-B7FE-474C78D7743A}
		{527176D1-6CC4-4519-BC06-EF6F4721F15F} = {91D22F11-10FE-47D6-9AAC-344FEC549026}
		{5F15AD46-C6D5-4E74-9A45-45429C19D5C9} = {527176D1-6CC4-4519-BC06-EF6F4721F15F}
	EndGlobalSection
EndGlobal
